
Microsoft Visual Studio Solution File, Format Version 12.00
# Visual Studio Version 16
VisualStudioVersion = 16.0.30907.101
MinimumVisualStudioVersion = 10.0.40219.1
Project("{FAE04EC0-301F-11D3-BF4B-00C04F79EFBC}") = "WPF Style - Sample Application", "WPF Style - Sample Application.csproj", "{8C50FD90-364A-4438-A990-6A128B747B1C}"
EndProject
Global
	GlobalSection(SolutionConfigurationPlatforms) = preSolution
		Debug|Any CPU = Debug|Any CPU
		Release|Any CPU = Release|Any CPU
	EndGlobalSection
	GlobalSection(ProjectConfigurationPlatforms) = postSolution
		{8C50FD90-364A-4438-A990-6A128B747B1C}.Debug|Any CPU.ActiveCfg = Debug|Any CPU
		{8C50FD90-364A-4438-A990-6A128B747B1C}.Debug|Any CPU.Build.0 = Debug|Any CPU
		{8C50FD90-364A-4438-A990-6A128B747B1C}.Release|Any CPU.ActiveCfg = Release|Any CPU
		{8C50FD90-364A-4438-A990-6A128B747B1C}.Release|Any CPU.Build.0 = Release|Any CPU
	EndGlobalSection
	GlobalSection(SolutionProperties) = preSolution
		HideSolutionNode = FALSE
	EndGlobalSection
	GlobalSection(ExtensibilityGlobals) = postSolution
		SolutionGuid = {F3B4120D-E70D-4237-82ED-6048B9D05387}
	EndGlobalSection
EndGlobal
